{
  "nodes": {
    "Ada-Bundle": {
      "flake": false,
      "locked": {
        "lastModified": 1289067524,
        "narHash": "sha256-pm0Aw5wQbrTzRCf6ifNX4bKGcu29T70ZspnaUCfIAZY=",
        "owner": "vim-scripts",
        "repo": "Ada-Bundle",
        "rev": "202dc5e304710ac8242f37292d061d01103b2178",
        "type": "github"
      },
      "original": {
        "owner": "vim-scripts",
        "repo": "Ada-Bundle",
        "type": "github"
      }
    },
    "asyncomplete-lsp.vim": {
      "flake": false,
      "locked": {
        "lastModified": 1639763551,
        "narHash": "sha256-RtHr7J+B95/SWzGwPp9vaktUWj1rsw3xioBbgRK+HPg=",
        "owner": "prabirshrestha",
        "repo": "asyncomplete-lsp.vim",
        "rev": "f6d6a6354ff279ba707c20292aef0dfaadc436a3",
        "type": "github"
      },
      "original": {
        "owner": "prabirshrestha",
        "repo": "asyncomplete-lsp.vim",
        "type": "github"
      }
    },
    "asyncomplete.vim": {
      "flake": false,
      "locked": {
        "lastModified": 1638824021,
        "narHash": "sha256-G9KLPyVatLC3eLeUMFpppFdD4SroUzbZ2sdam3aISu4=",
        "owner": "prabirshrestha",
        "repo": "asyncomplete.vim",
        "rev": "9c7651894c2c6d656c0dc71e87cfabbbb71b9c78",
        "type": "github"
      },
      "original": {
        "owner": "prabirshrestha",
        "repo": "asyncomplete.vim",
        "type": "github"
      }
    },
    "cmp-buffer": {
      "flake": false,
      "locked": {
        "lastModified": 1660101488,
        "narHash": "sha256-dG4U7MtnXThoa/PD+qFtCt76MQ14V1wX8GMYcvxEnbM=",
        "owner": "hrsh7th",
        "repo": "cmp-buffer",
        "rev": "3022dbc9166796b644a841a02de8dd1cc1d311fa",
        "type": "github"
      },
      "original": {
        "owner": "hrsh7th",
        "repo": "cmp-buffer",
        "type": "github"
      }
    },
    "cmp-nvim-lsp": {
      "flake": false,
      "locked": {
        "lastModified": 1665863036,
        "narHash": "sha256-4pppdlVJdn75/faaP3N+o7HgEHxyR1nvkHncnFXGDFA=",
        "owner": "hrsh7th",
        "repo": "cmp-nvim-lsp",
        "rev": "3cf38d9c957e95c397b66f91967758b31be4abe6",
        "type": "github"
      },
      "original": {
        "owner": "hrsh7th",
        "repo": "cmp-nvim-lsp",
        "type": "github"
      }
    },
    "customPkgs": {
      "inputs": {
        "Ada-Bundle": "Ada-Bundle",
        "asyncomplete-lsp.vim": "asyncomplete-lsp.vim",
        "asyncomplete.vim": "asyncomplete.vim",
        "cmp-buffer": "cmp-buffer",
        "cmp-nvim-lsp": "cmp-nvim-lsp",
        "emmet-vim": "emmet-vim",
        "gina.vim": "gina.vim",
        "gruvbox": "gruvbox",
        "hardmode": "hardmode",
        "hop-nvim": "hop-nvim",
        "literate.vim": "literate.vim",
        "nixpkgs": [
          "nixpkgs"
        ],
        "nvim-cmp": "nvim-cmp",
        "nvim-lspkind": "nvim-lspkind",
        "vim-baker": "vim-baker",
        "vim-editorconfig": "vim-editorconfig",
        "vim-erlang-omnicomplete": "vim-erlang-omnicomplete",
        "vim-erlang-runtime": "vim-erlang-runtime",
        "vim-fugitive": "vim-fugitive",
        "vim-fzy": "vim-fzy",
        "vim-lsp": "vim-lsp",
        "vim-nix": "vim-nix",
        "vim-picker": "vim-picker",
        "vim-rescript": "vim-rescript",
        "vim-surround": "vim-surround",
        "vimwiki": "vimwiki"
      },
      "locked": {
        "lastModified": 1,
        "narHash": "sha256-SqzUZVjjIrQwJe17WQUtsYyzdWyLo1QETs/n4qsiGHs=",
        "path": "./overlays/vim",
        "type": "path"
      },
      "original": {
        "path": "./overlays/vim",
        "type": "path"
      }
    },
    "emmet-vim": {
      "flake": false,
      "locked": {
        "lastModified": 1638632324,
        "narHash": "sha256-VJa3AgbLW8Jow5Ka4NsN0cV3LLNLl0TLSHfMwhElaN0=",
        "owner": "mattn",
        "repo": "emmet-vim",
        "rev": "def5d57a1ae5afb1b96ebe83c4652d1c03640f4d",
        "type": "github"
      },
      "original": {
        "owner": "mattn",
        "repo": "emmet-vim",
        "type": "github"
      }
    },
    "gina.vim": {
      "flake": false,
      "locked": {
        "lastModified": 1648614527,
        "narHash": "sha256-+F+ehYUvztezq+06VegLPblAS83VpB/fm8Y30eO1VCY=",
        "owner": "lambdalisue",
        "repo": "gina.vim",
        "rev": "ff6c2ddeca98f886b57fb42283c12e167d6ab575",
        "type": "github"
      },
      "original": {
        "owner": "lambdalisue",
        "repo": "gina.vim",
        "type": "github"
      }
    },
    "gruvbox": {
      "flake": false,
      "locked": {
        "lastModified": 1593780126,
        "narHash": "sha256-H8WkOC9NMPXFznv2+dwOj3syNd2sLqszmoMqST/W5hQ=",
        "owner": "morhetz",
        "repo": "gruvbox",
        "rev": "bf2885a95efdad7bd5e4794dd0213917770d79b7",
        "type": "github"
      },
      "original": {
        "owner": "morhetz",
        "repo": "gruvbox",
        "type": "github"
      }
    },
    "hardmode": {
      "flake": false,
      "locked": {
        "lastModified": 1386338625,
        "narHash": "sha256-WGxd6JgG3U8ITe4BMKRmcbZ40VhBC9pRVPf4JQK1mok=",
        "owner": "wikitopian",
        "repo": "hardmode",
        "rev": "110513dc9eb3ab5408d242a4b4b7674eadc90828",
        "type": "github"
      },
      "original": {
        "owner": "wikitopian",
        "repo": "hardmode",
        "type": "github"
      }
    },
    "home-manager": {
      "inputs": {
        "nixpkgs": [
          "nixpkgs"
        ]
      },
      "locked": {
        "lastModified": 1665996265,
        "narHash": "sha256-/k9og6LDBQwT+f/tJ5ClcWiUl8kCX5m6ognhsAxOiCY=",
        "owner": "nix-community",
        "repo": "home-manager",
        "rev": "b81e128fc053ab3159d7b464d9b7dedc9d6a6891",
        "type": "github"
      },
      "original": {
        "owner": "nix-community",
        "ref": "release-22.05",
        "repo": "home-manager",
        "type": "github"
      }
    },
    "hop-nvim": {
      "flake": false,
      "locked": {
        "lastModified": 1665333065,
        "narHash": "sha256-eBWzvdwbPlwArx7M8Q5mQtXVHASxo8CC/4ZIhBHd0vg=",
        "owner": "phaazon",
        "repo": "hop.nvim",
        "rev": "6591b3656b75ff313cc38dc662a7ee8f75f1c165",
        "type": "github"
      },
      "original": {
        "owner": "phaazon",
        "repo": "hop.nvim",
        "type": "github"
      }
    },
    "literate.vim": {
      "flake": false,
      "locked": {
        "lastModified": 1526571808,
        "narHash": "sha256-X5iJyjeLBkKh4tUoDG8VDO6DwYVOI9DpRqpic8NinwA=",
        "owner": "zyedidia",
        "repo": "literate.vim",
        "rev": "4ffd45cb1657b67f4ed0eb639478a69209ec1f94",
        "type": "github"
      },
      "original": {
        "owner": "zyedidia",
        "repo": "literate.vim",
        "type": "github"
      }
    },
    "nixpkgs": {
      "locked": {
        "lastModified": 1666056570,
        "narHash": "sha256-e7EkIY68Tp7NKyp9JSHh6CgPPdsKYYWxiL4wZQN8Cwg=",
        "owner": "NixOS",
        "repo": "nixpkgs",
        "rev": "47edaa313fc3767ce3026037a5b62352f22f3602",
        "type": "github"
      },
      "original": {
        "owner": "NixOS",
        "ref": "nixos-22.05",
        "repo": "nixpkgs",
        "type": "github"
      }
    },
    "nvim-cmp": {
      "flake": false,
      "locked": {
        "lastModified": 1665912566,
        "narHash": "sha256-ZflXxX6913wo3Sv2LrBOrBIjsRpcpiHo1b9jhZfg0ew=",
        "owner": "hrsh7th",
        "repo": "nvim-cmp",
        "rev": "e94d3489311f941788756953df23ca84f83eec95",
        "type": "github"
      },
      "original": {
        "owner": "hrsh7th",
        "repo": "nvim-cmp",
        "type": "github"
      }
    },
    "nvim-lspkind": {
      "flake": false,
      "locked": {
        "lastModified": 1663824370,
        "narHash": "sha256-WwUQ+O2rIfD4yl0GFx70GsZc9nnhS7b2KWfNdaXCLmM=",
        "owner": "onsails",
        "repo": "lspkind-nvim",
        "rev": "c68b3a003483cf382428a43035079f78474cd11e",
        "type": "github"
      },
      "original": {
        "owner": "onsails",
        "repo": "lspkind-nvim",
        "type": "github"
      }
    },
    "root": {
      "inputs": {
        "customPkgs": "customPkgs",
        "home-manager": "home-manager",
        "nixpkgs": "nixpkgs",
        "unstable": "unstable"
      }
    },
    "unstable": {
      "locked": {
        "lastModified": 1666154393,
        "narHash": "sha256-G4jctSMlliZvG4zUrcas0O+t3qJHzM0moBpG93lcl44=",
        "owner": "NixOS",
        "repo": "nixpkgs",
        "rev": "7b38cb118ce4ad36d19a8b021068633b57ce0d3f",
        "type": "github"
      },
      "original": {
        "owner": "NixOS",
        "ref": "nixpkgs-unstable",
        "repo": "nixpkgs",
        "type": "github"
      }
    },
    "vim-baker": {
      "flake": false,
      "locked": {
        "lastModified": 1608826808,
        "narHash": "sha256-JGBQ4wZzkS11QyV8Mtok/k5b+kNdaHo48mwRWyBhhPc=",
        "owner": "GlancingMind",
        "repo": "vim-baker",
        "rev": "dc8fda6fdc13effb50d2ca52841c106a8ba4c1e1",
        "type": "github"
      },
      "original": {
        "owner": "GlancingMind",
        "repo": "vim-baker",
        "type": "github"
      }
    },
    "vim-editorconfig": {
      "flake": false,
      "locked": {
        "lastModified": 1584577051,
        "narHash": "sha256-JNvry4M9tCzfBB4iipC/ARaBRfmELOzOchLGKygL9e8=",
        "owner": "sgur",
        "repo": "vim-editorconfig",
        "rev": "5c3a5b4e7830a6885ec3e70fa5151c59afde2ad5",
        "type": "github"
      },
      "original": {
        "owner": "sgur",
        "repo": "vim-editorconfig",
        "type": "github"
      }
    },
    "vim-erlang-omnicomplete": {
      "flake": false,
      "locked": {
        "lastModified": 1625313736,
        "narHash": "sha256-kvAn6oUQAWCaLHO8eKkgWros2mILumDugxiL0UveZwI=",
        "owner": "vim-erlang",
        "repo": "vim-erlang-omnicomplete",
        "rev": "7337df845b90b51f24087716564789c70ae03dc3",
        "type": "github"
      },
      "original": {
        "owner": "vim-erlang",
        "repo": "vim-erlang-omnicomplete",
        "type": "github"
      }
    },
    "vim-erlang-runtime": {
      "flake": false,
      "locked": {
        "lastModified": 1664720816,
        "narHash": "sha256-mo18WaBzZkzHt647ygQucFuSGOJUX2LG037ppbkUjiw=",
        "owner": "vim-erlang",
        "repo": "vim-erlang-runtime",
        "rev": "f7d4bbdcff675000d4345d9834cc7d825a84ed3f",
        "type": "github"
      },
      "original": {
        "owner": "vim-erlang",
        "repo": "vim-erlang-runtime",
        "type": "github"
      }
    },
    "vim-fugitive": {
      "flake": false,
      "locked": {
        "lastModified": 1662284293,
        "narHash": "sha256-IzsvDf7y91iV3XdrXW2U5WTdSmuALlpVO113h7Ovuac=",
        "owner": "tpope",
        "repo": "vim-fugitive",
        "rev": "dd8107cabf5fe85df94d5eedcae52415e543f208",
        "type": "github"
      },
      "original": {
        "owner": "tpope",
        "repo": "vim-fugitive",
        "type": "github"
      }
    },
    "vim-fzy": {
      "flake": false,
      "locked": {
        "lastModified": 1651839313,
        "narHash": "sha256-+sZIdjM3449sAsWpvOq7ppxzaxV5H8aJsgBlSpAuFEY=",
        "owner": "bfrg",
        "repo": "vim-fzy",
        "rev": "ee6e4abd07a44d0a3c38383acfbf26f91815e534",
        "type": "github"
      },
      "original": {
        "owner": "bfrg",
        "repo": "vim-fzy",
        "type": "github"
      }
    },
    "vim-lsp": {
      "flake": false,
      "locked": {
        "lastModified": 1666171592,
        "narHash": "sha256-z770yiYWchaGnTNVJb5874/CwdGU/jYIjUqBniYllAI=",
        "owner": "prabirshrestha",
        "repo": "vim-lsp",
        "rev": "a85b71bfc862753ee11ae5986d882bd9588b17a2",
        "type": "github"
      },
      "original": {
        "owner": "prabirshrestha",
        "repo": "vim-lsp",
        "type": "github"
      }
    },
    "vim-nix": {
      "flake": false,
      "locked": {
        "lastModified": 1650919516,
        "narHash": "sha256-W6ExP+iDNo5T8XazxHRpUiECGv+AU5PPoM4CmU7NV+0=",
        "owner": "LnL7",
        "repo": "vim-nix",
        "rev": "7d23e97d13c40fcc6d603b291fe9b6e5f92516ee",
        "type": "github"
      },
      "original": {
        "owner": "LnL7",
        "repo": "vim-nix",
        "type": "github"
      }
    },
    "vim-picker": {
      "flake": false,
      "locked": {
        "lastModified": 1656749188,
        "narHash": "sha256-rvGLLWLeRdkEJvb+J4bM6HIyYs/M40K4WGxosmBHLCw=",
        "owner": "srstevenson",
        "repo": "vim-picker",
        "rev": "10c83f54b8fb66ae57d506c6e12e86ea04790b85",
        "type": "github"
      },
      "original": {
        "owner": "srstevenson",
        "repo": "vim-picker",
        "type": "github"
      }
    },
    "vim-rescript": {
      "flake": false,
      "locked": {
        "lastModified": 1661699642,
        "narHash": "sha256-aASUXqZD6ytt1vNxQiENDI44iDQ2tCg1DiBp9f7RFoI=",
        "owner": "rescript-lang",
        "repo": "vim-rescript",
        "rev": "76a15d89289829466446d028bf589aae67bd1a7e",
        "type": "github"
      },
      "original": {
        "owner": "rescript-lang",
        "repo": "vim-rescript",
        "type": "github"
      }
    },
    "vim-surround": {
      "flake": false,
      "locked": {
        "lastModified": 1650669912,
        "narHash": "sha256-ippurR26T1jqy74LDKlzJpTreOLxRThmgYTEHPtBkx8=",
        "owner": "tpope",
        "repo": "vim-surround",
        "rev": "bf3480dc9ae7bea34c78fbba4c65b4548b5b1fea",
        "type": "github"
      },
      "original": {
        "owner": "tpope",
        "repo": "vim-surround",
        "type": "github"
      }
    },
    "vimwiki": {
      "flake": false,
      "locked": {
        "lastModified": 1646877853,
        "narHash": "sha256-GxAuvvqfmfQRNkNrHyUVclq11es8LtIGlNzhmdYacbM=",
        "owner": "vimwiki",
        "repo": "vimwiki",
        "rev": "63af6e72dd3fa840bffb3ebcb8c96970c02e0913",
        "type": "github"
      },
      "original": {
        "owner": "vimwiki",
        "repo": "vimwiki",
        "type": "github"
      }
    }
  },
  "root": "root",
  "version": 7
}
